
Microsoft Visual Studio Solution File, Format Version 12.00
# Visual Studio Version 16
VisualStudioVersion = 16.0.32002.261
MinimumVisualStudioVersion = 10.0.40219.1
Project("{8BC9CEB8-8B4A-11D0-8D11-00A0C91BC942}") = "window", "window\window.vcxproj", "{F19A17EF-F243-489F-8AA4-0C75EBEFEF53}"
EndProject
Project("{8BC9CEB8-8B4A-11D0-8D11-00A0C91BC942}") = "line", "line\line.vcxproj", "{F687CD0E-8408-49A9-A310-0B3BBE8A0B4A}"
	ProjectSection(ProjectDependencies) = postProject
		{F19A17EF-F243-489F-8AA4-0C75EBEFEF53} = {F19A17EF-F243-489F-8AA4-0C75EBEFEF53}
	EndProjectSection
EndProject
Project("{8BC9CEB8-8B4A-11D0-8D11-00A0C91BC942}") = "circle", "circle\circle.vcxproj", "{26E0C966-A124-4574-8FB9-1994BA30CDD5}"
	ProjectSection(ProjectDependencies) = postProject
		{F19A17EF-F243-489F-8AA4-0C75EBEFEF53} = {F19A17EF-F243-489F-8AA4-0C75EBEFEF53}
	EndProjectSection
EndProject
Global
	GlobalSection(SolutionConfigurationPlatforms) = preSolution
		Debug|ARM = Debug|ARM
		Debug|ARM64 = Debug|ARM64
		Debug|ARM64EC = Debug|ARM64EC
		Debug|x64 = Debug|x64
		Debug|x86 = Debug|x86
		Release|ARM = Release|ARM
		Release|ARM64 = Release|ARM64
		Release|ARM64EC = Release|ARM64EC
		Release|x64 = Release|x64
		Release|x86 = Release|x86
	EndGlobalSection
	GlobalSection(ProjectConfigurationPlatforms) = postSolution
		{F19A17EF-F243-489F-8AA4-0C75EBEFEF53}.Debug|ARM.ActiveCfg = Debug|Win32
		{F19A17EF-F243-489F-8AA4-0C75EBEFEF53}.Debug|ARM64.ActiveCfg = Debug|Win32
		{F19A17EF-F243-489F-8AA4-0C75EBEFEF53}.Debug|ARM64EC.ActiveCfg = Debug|Win32
		{F19A17EF-F243-489F-8AA4-0C75EBEFEF53}.Debug|x64.ActiveCfg = Debug|x64
		{F19A17EF-F243-489F-8AA4-0C75EBEFEF53}.Debug|x64.Build.0 = Debug|x64
		{F19A17EF-F243-489F-8AA4-0C75EBEFEF53}.Debug|x86.ActiveCfg = Debug|Win32
		{F19A17EF-F243-489F-8AA4-0C75EBEFEF53}.Debug|x86.Build.0 = Debug|Win32
		{F19A17EF-F243-489F-8AA4-0C75EBEFEF53}.Release|ARM.ActiveCfg = Release|Win32
		{F19A17EF-F243-489F-8AA4-0C75EBEFEF53}.Release|ARM64.ActiveCfg = Release|Win32
		{F19A17EF-F243-489F-8AA4-0C75EBEFEF53}.Release|ARM64EC.ActiveCfg = Release|Win32
		{F19A17EF-F243-489F-8AA4-0C75EBEFEF53}.Release|x64.ActiveCfg = Release|x64
		{F19A17EF-F243-489F-8AA4-0C75EBEFEF53}.Release|x64.Build.0 = Release|x64
		{F19A17EF-F243-489F-8AA4-0C75EBEFEF53}.Release|x86.ActiveCfg = Release|Win32
		{F19A17EF-F243-489F-8AA4-0C75EBEFEF53}.Release|x86.Build.0 = Release|Win32
		{F687CD0E-8408-49A9-A310-0B3BBE8A0B4A}.Debug|ARM.ActiveCfg = Debug|ARM
		{F687CD0E-8408-49A9-A310-0B3BBE8A0B4A}.Debug|ARM.Build.0 = Debug|ARM
		{F687CD0E-8408-49A9-A310-0B3BBE8A0B4A}.Debug|ARM64.ActiveCfg = Debug|ARM64
		{F687CD0E-8408-49A9-A310-0B3BBE8A0B4A}.Debug|ARM64.Build.0 = Debug|ARM64
		{F687CD0E-8408-49A9-A310-0B3BBE8A0B4A}.Debug|ARM64EC.ActiveCfg = Debug|ARM64EC
		{F687CD0E-8408-49A9-A310-0B3BBE8A0B4A}.Debug|ARM64EC.Build.0 = Debug|ARM64EC
		{F687CD0E-8408-49A9-A310-0B3BBE8A0B4A}.Debug|x64.ActiveCfg = Debug|x64
		{F687CD0E-8408-49A9-A310-0B3BBE8A0B4A}.Debug|x64.Build.0 = Debug|x64
		{F687CD0E-8408-49A9-A310-0B3BBE8A0B4A}.Debug|x86.ActiveCfg = Debug|Win32
		{F687CD0E-8408-49A9-A310-0B3BBE8A0B4A}.Debug|x86.Build.0 = Debug|Win32
		{F687CD0E-8408-49A9-A310-0B3BBE8A0B4A}.Release|ARM.ActiveCfg = Release|ARM
		{F687CD0E-8408-49A9-A310-0B3BBE8A0B4A}.Release|ARM.Build.0 = Release|ARM
		{F687CD0E-8408-49A9-A310-0B3BBE8A0B4A}.Release|ARM64.ActiveCfg = Release|ARM64
		{F687CD0E-8408-49A9-A310-0B3BBE8A0B4A}.Release|ARM64.Build.0 = Release|ARM64
		{F687CD0E-8408-49A9-A310-0B3BBE8A0B4A}.Release|ARM64EC.ActiveCfg = Release|ARM64EC
		{F687CD0E-8408-49A9-A310-0B3BBE8A0B4A}.Release|ARM64EC.Build.0 = Release|ARM64EC
		{F687CD0E-8408-49A9-A310-0B3BBE8A0B4A}.Release|x64.ActiveCfg = Release|x64
		{F687CD0E-8408-49A9-A310-0B3BBE8A0B4A}.Release|x64.Build.0 = Release|x64
		{F687CD0E-8408-49A9-A310-0B3BBE8A0B4A}.Release|x86.ActiveCfg = Release|Win32
		{F687CD0E-8408-49A9-A310-0B3BBE8A0B4A}.Release|x86.Build.0 = Release|Win32
		{26E0C966-A124-4574-8FB9-1994BA30CDD5}.Debug|ARM.ActiveCfg = Debug|ARM
		{26E0C966-A124-4574-8FB9-1994BA30CDD5}.Debug|ARM.Build.0 = Debug|ARM
		{26E0C966-A124-4574-8FB9-1994BA30CDD5}.Debug|ARM64.ActiveCfg = Debug|ARM64
		{26E0C966-A124-4574-8FB9-1994BA30CDD5}.Debug|ARM64.Build.0 = Debug|ARM64
		{26E0C966-A124-4574-8FB9-1994BA30CDD5}.Debug|ARM64EC.ActiveCfg = Debug|ARM64EC
		{26E0C966-A124-4574-8FB9-1994BA30CDD5}.Debug|ARM64EC.Build.0 = Debug|ARM64EC
		{26E0C966-A124-4574-8FB9-1994BA30CDD5}.Debug|x64.ActiveCfg = Debug|x64
		{26E0C966-A124-4574-8FB9-1994BA30CDD5}.Debug|x64.Build.0 = Debug|x64
		{26E0C966-A124-4574-8FB9-1994BA30CDD5}.Debug|x86.ActiveCfg = Debug|Win32
		{26E0C966-A124-4574-8FB9-1994BA30CDD5}.Debug|x86.Build.0 = Debug|Win32
		{26E0C966-A124-4574-8FB9-1994BA30CDD5}.Release|ARM.ActiveCfg = Release|ARM
		{26E0C966-A124-4574-8FB9-1994BA30CDD5}.Release|ARM.Build.0 = Release|ARM
		{26E0C966-A124-4574-8FB9-1994BA30CDD5}.Release|ARM64.ActiveCfg = Release|ARM64
		{26E0C966-A124-4574-8FB9-1994BA30CDD5}.Release|ARM64.Build.0 = Release|ARM64
		{26E0C966-A124-4574-8FB9-1994BA30CDD5}.Release|ARM64EC.ActiveCfg = Release|ARM64EC
		{26E0C966-A124-4574-8FB9-1994BA30CDD5}.Release|ARM64EC.Build.0 = Release|ARM64EC
		{26E0C966-A124-4574-8FB9-1994BA30CDD5}.Release|x64.ActiveCfg = Release|x64
		{26E0C966-A124-4574-8FB9-1994BA30CDD5}.Release|x64.Build.0 = Release|x64
		{26E0C966-A124-4574-8FB9-1994BA30CDD5}.Release|x86.ActiveCfg = Release|Win32
		{26E0C966-A124-4574-8FB9-1994BA30CDD5}.Release|x86.Build.0 = Release|Win32
	EndGlobalSection
	GlobalSection(SolutionProperties) = preSolution
		HideSolutionNode = FALSE
	EndGlobalSection
	GlobalSection(ExtensibilityGlobals) = postSolution
		SolutionGuid = {563F3DEC-D6E3-4035-9E2D-EABEC151D79E}
	EndGlobalSection
EndGlobal
